
Microsoft Visual Studio Solution File, Format Version 12.00
# Visual Studio Version 17
VisualStudioVersion = 17.2.32616.157
MinimumVisualStudioVersion = 10.0.40219.1
Project("{FAE04EC0-301F-11D3-BF4B-00C04F79EFBC}") = "Car-Spare-Parts-company", "Car-Spare-Parts-company\Car-Spare-Parts-company.csproj", "{B240637F-F649-4D25-8F93-165B4E123CEA}"
EndProject
Global
	GlobalSection(SolutionConfigurationPlatforms) = preSolution
		Debug|Any CPU = Debug|Any CPU
		Release|Any CPU = Release|Any CPU
	EndGlobalSection
	GlobalSection(ProjectConfigurationPlatforms) = postSolution
		{B240637F-F649-4D25-8F93-165B4E123CEA}.Debug|Any CPU.ActiveCfg = Debug|Any CPU
		{B240637F-F649-4D25-8F93-165B4E123CEA}.Debug|Any CPU.Build.0 = Debug|Any CPU
		{B240637F-F649-4D25-8F93-165B4E123CEA}.Release|Any CPU.ActiveCfg = Release|Any CPU
		{B240637F-F649-4D25-8F93-165B4E123CEA}.Release|Any CPU.Build.0 = Release|Any CPU
	EndGlobalSection
	GlobalSection(SolutionProperties) = preSolution
		HideSolutionNode = FALSE
	EndGlobalSection
	GlobalSection(ExtensibilityGlobals) = postSolution
		SolutionGuid = {E8665995-57B3-4786-82BE-A30D70B797D7}
	EndGlobalSection
EndGlobal
